
Microsoft Visual Studio Solution File, Format Version 12.00
# Visual Studio Version 17
VisualStudioVersion = 17.14.36930.0 d17.14
MinimumVisualStudioVersion = 10.0.40219.1
Project("{FAE04EC0-301F-11D3-BF4B-00C04F79EFBC}") = "ControlAsistenciaCursosVirtuales", "ControlAsistenciaCursosVirtuales\ControlAsistenciaCursosVirtuales.csproj", "{9FCE171E-C7AF-4CD7-A7B4-349B79E9AD29}"
EndProject
Global
	GlobalSection(SolutionConfigurationPlatforms) = preSolution
		Debug|Any CPU = Debug|Any CPU
		Release|Any CPU = Release|Any CPU
	EndGlobalSection
	GlobalSection(ProjectConfigurationPlatforms) = postSolution
		{9FCE171E-C7AF-4CD7-A7B4-349B79E9AD29}.Debug|Any CPU.ActiveCfg = Debug|Any CPU
		{9FCE171E-C7AF-4CD7-A7B4-349B79E9AD29}.Debug|Any CPU.Build.0 = Debug|Any CPU
		{9FCE171E-C7AF-4CD7-A7B4-349B79E9AD29}.Release|Any CPU.ActiveCfg = Release|Any CPU
		{9FCE171E-C7AF-4CD7-A7B4-349B79E9AD29}.Release|Any CPU.Build.0 = Release|Any CPU
	EndGlobalSection
	GlobalSection(SolutionProperties) = preSolution
		HideSolutionNode = FALSE
	EndGlobalSection
	GlobalSection(ExtensibilityGlobals) = postSolution
		SolutionGuid = {707FBAD9-3576-4A02-9366-1D8F2C7505B1}
	EndGlobalSection
EndGlobal
